
Microsoft Visual Studio Solution File, Format Version 12.00
Project("{FAE04EC0-301F-11D3-BF4B-00C04F79EFBC}") = "UsersCRUD", "UsersCRUD\UsersCRUD.csproj", "{7A53FF21-AC88-4A48-91FD-D225259B15D8}"
EndProject
Project("{2150E333-8FDC-42A3-9474-1A3956D46DE8}") = "Solution Items", "Solution Items", "{4B9AA1AE-EBFE-47C8-BD8F-9E97707DBD7B}"
	ProjectSection(SolutionItems) = preProject
		compose.yaml = compose.yaml
	EndProjectSection
EndProject
Global
	GlobalSection(SolutionConfigurationPlatforms) = preSolution
		Debug|Any CPU = Debug|Any CPU
		Release|Any CPU = Release|Any CPU
	EndGlobalSection
	GlobalSection(ProjectConfigurationPlatforms) = postSolution
		{7A53FF21-AC88-4A48-91FD-D225259B15D8}.Debug|Any CPU.ActiveCfg = Debug|Any CPU
		{7A53FF21-AC88-4A48-91FD-D225259B15D8}.Debug|Any CPU.Build.0 = Debug|Any CPU
		{7A53FF21-AC88-4A48-91FD-D225259B15D8}.Release|Any CPU.ActiveCfg = Release|Any CPU
		{7A53FF21-AC88-4A48-91FD-D225259B15D8}.Release|Any CPU.Build.0 = Release|Any CPU
	EndGlobalSection
EndGlobal
